
Microsoft Visual Studio Solution File, Format Version 12.00
# Visual Studio Version 17
VisualStudioVersion = 17.6.33723.286
MinimumVisualStudioVersion = 10.0.40219.1
Project("{FAE04EC0-301F-11D3-BF4B-00C04F79EFBC}") = "Lab2_task-2", "Lab2_task-2\Lab2_task-2.csproj", "{CBE5350A-86F6-4541-B4C1-BC0607E550BB}"
EndProject
Global
	GlobalSection(SolutionConfigurationPlatforms) = preSolution
		Debug|Any CPU = Debug|Any CPU
		Release|Any CPU = Release|Any CPU
	EndGlobalSection
	GlobalSection(ProjectConfigurationPlatforms) = postSolution
		{CBE5350A-86F6-4541-B4C1-BC0607E550BB}.Debug|Any CPU.ActiveCfg = Debug|Any CPU
		{CBE5350A-86F6-4541-B4C1-BC0607E550BB}.Debug|Any CPU.Build.0 = Debug|Any CPU
		{CBE5350A-86F6-4541-B4C1-BC0607E550BB}.Release|Any CPU.ActiveCfg = Release|Any CPU
		{CBE5350A-86F6-4541-B4C1-BC0607E550BB}.Release|Any CPU.Build.0 = Release|Any CPU
	EndGlobalSection
	GlobalSection(SolutionProperties) = preSolution
		HideSolutionNode = FALSE
	EndGlobalSection
	GlobalSection(ExtensibilityGlobals) = postSolution
		SolutionGuid = {AE826FAC-9D44-4A3C-8BED-7AEABC4FE5AD}
	EndGlobalSection
EndGlobal
